
Microsoft Visual Studio Solution File, Format Version 12.00
# Visual Studio 15
VisualStudioVersion = 15.0.28307.136
MinimumVisualStudioVersion = 10.0.40219.1
Project("{FAE04EC0-301F-11D3-BF4B-00C04F79EFBC}") = "DecoratorPattern", "DecoratorPattern\DecoratorPattern.csproj", "{F3FF62FC-428A-49F6-9622-17B34121A6BA}"
EndProject
Project("{FAE04EC0-301F-11D3-BF4B-00C04F79EFBC}") = "StrategyPattern", "StrategyPattern\StrategyPattern.csproj", "{BBD4060B-A6F8-49DE-A1DC-5D5650789AD9}"
EndProject
Global
	GlobalSection(SolutionConfigurationPlatforms) = preSolution
		Debug|Any CPU = Debug|Any CPU
		Release|Any CPU = Release|Any CPU
	EndGlobalSection
	GlobalSection(ProjectConfigurationPlatforms) = postSolution
		{F3FF62FC-428A-49F6-9622-17B34121A6BA}.Debug|Any CPU.ActiveCfg = Debug|Any CPU
		{F3FF62FC-428A-49F6-9622-17B34121A6BA}.Debug|Any CPU.Build.0 = Debug|Any CPU
		{F3FF62FC-428A-49F6-9622-17B34121A6BA}.Release|Any CPU.ActiveCfg = Release|Any CPU
		{F3FF62FC-428A-49F6-9622-17B34121A6BA}.Release|Any CPU.Build.0 = Release|Any CPU
		{BBD4060B-A6F8-49DE-A1DC-5D5650789AD9}.Debug|Any CPU.ActiveCfg = Debug|Any CPU
		{BBD4060B-A6F8-49DE-A1DC-5D5650789AD9}.Debug|Any CPU.Build.0 = Debug|Any CPU
		{BBD4060B-A6F8-49DE-A1DC-5D5650789AD9}.Release|Any CPU.ActiveCfg = Release|Any CPU
		{BBD4060B-A6F8-49DE-A1DC-5D5650789AD9}.Release|Any CPU.Build.0 = Release|Any CPU
	EndGlobalSection
	GlobalSection(SolutionProperties) = preSolution
		HideSolutionNode = FALSE
	EndGlobalSection
	GlobalSection(ExtensibilityGlobals) = postSolution
		SolutionGuid = {15AF4314-D685-4485-893A-15D4EA6103F5}
	EndGlobalSection
EndGlobal
